
Microsoft Visual Studio Solution File, Format Version 12.00
# Visual Studio Version 16
VisualStudioVersion = 16.0.31112.23
MinimumVisualStudioVersion = 10.0.40219.1
Project("{FAE04EC0-301F-11D3-BF4B-00C04F79EFBC}") = "FileSplit", "FileSplit.csproj", "{08BF493B-EE9D-4AB0-AA63-22E3B63EEA3A}"
EndProject
Global
	GlobalSection(SolutionConfigurationPlatforms) = preSolution
		Debug|Any CPU = Debug|Any CPU
		Release|Any CPU = Release|Any CPU
	EndGlobalSection
	GlobalSection(ProjectConfigurationPlatforms) = postSolution
		{08BF493B-EE9D-4AB0-AA63-22E3B63EEA3A}.Debug|Any CPU.ActiveCfg = Debug|Any CPU
		{08BF493B-EE9D-4AB0-AA63-22E3B63EEA3A}.Debug|Any CPU.Build.0 = Debug|Any CPU
		{08BF493B-EE9D-4AB0-AA63-22E3B63EEA3A}.Release|Any CPU.ActiveCfg = Release|Any CPU
		{08BF493B-EE9D-4AB0-AA63-22E3B63EEA3A}.Release|Any CPU.Build.0 = Release|Any CPU
	EndGlobalSection
	GlobalSection(SolutionProperties) = preSolution
		HideSolutionNode = FALSE
	EndGlobalSection
	GlobalSection(ExtensibilityGlobals) = postSolution
		SolutionGuid = {59125F47-F252-4E13-8CDF-8211AA9E59F1}
	EndGlobalSection
EndGlobal
